
Microsoft Visual Studio Solution File, Format Version 12.00
# Visual Studio 16
Project("{FAE04EC0-301F-11D3-BF4B-00C04F79EFBC}") = "Assembly-CSharp", "Assembly-CSharp.csproj", "{DAB6DBED-21B3-35F7-B9A3-EC4EB61D217E}"
EndProject
Global
	GlobalSection(SolutionConfigurationPlatforms) = preSolution
		Debug|Any CPU = Debug|Any CPU
		Release|Any CPU = Release|Any CPU
	EndGlobalSection
	GlobalSection(ProjectConfigurationPlatforms) = postSolution
		{DAB6DBED-21B3-35F7-B9A3-EC4EB61D217E}.Debug|Any CPU.ActiveCfg = Debug|Any CPU
		{DAB6DBED-21B3-35F7-B9A3-EC4EB61D217E}.Debug|Any CPU.Build.0 = Debug|Any CPU
		{DAB6DBED-21B3-35F7-B9A3-EC4EB61D217E}.Release|Any CPU.ActiveCfg = Release|Any CPU
		{DAB6DBED-21B3-35F7-B9A3-EC4EB61D217E}.Release|Any CPU.Build.0 = Release|Any CPU
	EndGlobalSection
	GlobalSection(SolutionProperties) = preSolution
		HideSolutionNode = FALSE
	EndGlobalSection
EndGlobal
